// !$*UTF8*$!
{
	archiveVersion = 1;
	classes = {
	};
	objectVersion = 48;
	objects = {

/* Begin PBXBuildFile section */
		5424FC6BE59D8DFC6C1BA326 /* Pods_Interplay.framework in Frameworks */ = {isa = PBXBuildFile; fileRef = 3B8EF705A5FD97A769C918C1 /* Pods_Interplay.framework */; };
		A71F4474205C663300A98656 /* libABLLink.a in Frameworks */ = {isa = PBXBuildFile; fileRef = A71F4473205C663300A98656 /* libABLLink.a */; };
		A71F447E205C681500A98656 /* TJGLink.m in Sources */ = {isa = PBXBuildFile; fileRef = A71F447D205C681500A98656 /* TJGLink.m */; };
		A729B9B220A2C507008B2277 /* Metronome.swift in Sources */ = {isa = PBXBuildFile; fileRef = A729B9B120A2C507008B2277 /* Metronome.swift */; };
		A729B9B620A2D145008B2277 /* Strong.wav in Resources */ = {isa = PBXBuildFile; fileRef = A729B9B420A2D145008B2277 /* Strong.wav */; };
		A729B9B720A2D145008B2277 /* Weak.wav in Resources */ = {isa = PBXBuildFile; fileRef = A729B9B520A2D145008B2277 /* Weak.wav */; };
		A72C9FF02032CD3C0001C179 /* Style.Conductor.swift in Sources */ = {isa = PBXBuildFile; fileRef = A72C9FEF2032CD3C0001C179 /* Style.Conductor.swift */; };
		A72C9FF22032CD9B0001C179 /* Packet.swift in Sources */ = {isa = PBXBuildFile; fileRef = A72C9FF12032CD9B0001C179 /* Packet.swift */; };
		A753D0A4203C004400B3A40D /* MusicianView.swift in Sources */ = {isa = PBXBuildFile; fileRef = A753D0A3203C004400B3A40D /* MusicianView.swift */; };
		A753D0A6203C063500B3A40D /* Style.Musician.swift in Sources */ = {isa = PBXBuildFile; fileRef = A753D0A5203C063500B3A40D /* Style.Musician.swift */; };
		A753D0A8203C8DBC00B3A40D /* UserDefaults.swift in Sources */ = {isa = PBXBuildFile; fileRef = A753D0A7203C8DBC00B3A40D /* UserDefaults.swift */; };
		A76C4245208C5CF700B38006 /* TempoDisplay.swift in Sources */ = {isa = PBXBuildFile; fileRef = A76C4244208C5CF700B38006 /* TempoDisplay.swift */; };
		A76C4248208C5F8C00B38006 /* InputMono-Regular.ttf in Resources */ = {isa = PBXBuildFile; fileRef = A76C4247208C5F8C00B38006 /* InputMono-Regular.ttf */; };
		A7BDFE5A200A97F100C1AEED /* AppDelegate.swift in Sources */ = {isa = PBXBuildFile; fileRef = A7BDFE59200A97F100C1AEED /* AppDelegate.swift */; };
		A7BDFE61200A97F100C1AEED /* Assets.xcassets in Resources */ = {isa = PBXBuildFile; fileRef = A7BDFE60200A97F100C1AEED /* Assets.xcassets */; };
		A7BDFE64200A97F100C1AEED /* LaunchScreen.storyboard in Resources */ = {isa = PBXBuildFile; fileRef = A7BDFE62200A97F100C1AEED /* LaunchScreen.storyboard */; };
		A7BDFE73200A99B200C1AEED /* LobbyViewController.swift in Sources */ = {isa = PBXBuildFile; fileRef = A7BDFE72200A99B200C1AEED /* LobbyViewController.swift */; };
		A7BDFE76200A9A5900C1AEED /* Style.swift in Sources */ = {isa = PBXBuildFile; fileRef = A7BDFE75200A9A5900C1AEED /* Style.swift */; };
		A7BDFE78200AA08A00C1AEED /* LobbyView.swift in Sources */ = {isa = PBXBuildFile; fileRef = A7BDFE77200AA08A00C1AEED /* LobbyView.swift */; };
		A7D77F4020136F5200913F93 /* Musician.swift in Sources */ = {isa = PBXBuildFile; fileRef = A7D77F3F20136F5200913F93 /* Musician.swift */; };
		A7D77F442013743C00913F93 /* Conduct.MusicianCell.swift in Sources */ = {isa = PBXBuildFile; fileRef = A7D77F432013743C00913F93 /* Conduct.MusicianCell.swift */; };
		A7D77F4620137DA800913F93 /* ConductView.swift in Sources */ = {isa = PBXBuildFile; fileRef = A7D77F4520137DA800913F93 /* ConductView.swift */; };
		A7DF266E208617D700E3B9B9 /* ConductNavBar.swift in Sources */ = {isa = PBXBuildFile; fileRef = A7DF266D208617D700E3B9B9 /* ConductNavBar.swift */; };
		A7E4F45A200E30EC00E59566 /* NetworkingContext.swift in Sources */ = {isa = PBXBuildFile; fileRef = A7E4F459200E30EC00E59566 /* NetworkingContext.swift */; };
		A7F063F2200E4A0C0082CBB3 /* ConductViewController.swift in Sources */ = {isa = PBXBuildFile; fileRef = A7F063F1200E4A0C0082CBB3 /* ConductViewController.swift */; };
		A7F063F5200E4FC20082CBB3 /* Const.swift in Sources */ = {isa = PBXBuildFile; fileRef = A7F063F4200E4FC20082CBB3 /* Const.swift */; };
		A7F063F8200E630C0082CBB3 /* MusicianViewController.swift in Sources */ = {isa = PBXBuildFile; fileRef = A7F063F7200E630C0082CBB3 /* MusicianViewController.swift */; };
/* End PBXBuildFile section */

/* Begin PBXFileReference section */
		1094D8AA75D6F2FB768897E2 /* Pods-Interplay.release.xcconfig */ = {isa = PBXFileReference; includeInIndex = 1; lastKnownFileType = text.xcconfig; name = "Pods-Interplay.release.xcconfig"; path = "Pods/Target Support Files/Pods-Interplay/Pods-Interplay.release.xcconfig"; sourceTree = "<group>"; };
		3B8EF705A5FD97A769C918C1 /* Pods_Interplay.framework */ = {isa = PBXFileReference; explicitFileType = wrapper.framework; includeInIndex = 0; path = Pods_Interplay.framework; sourceTree = BUILT_PRODUCTS_DIR; };
		A71F446F205C663300A98656 /* ABLLink.h */ = {isa = PBXFileReference; fileEncoding = 4; lastKnownFileType = sourcecode.c.h; path = ABLLink.h; sourceTree = "<group>"; };
		A71F4470205C663300A98656 /* ABLLinkUtils.h */ = {isa = PBXFileReference; fileEncoding = 4; lastKnownFileType = sourcecode.c.h; path = ABLLinkUtils.h; sourceTree = "<group>"; };
		A71F4471205C663300A98656 /* ABLLinkSettingsViewController.h */ = {isa = PBXFileReference; fileEncoding = 4; lastKnownFileType = sourcecode.c.h; path = ABLLinkSettingsViewController.h; sourceTree = "<group>"; };
		A71F4473205C663300A98656 /* libABLLink.a */ = {isa = PBXFileReference; lastKnownFileType = archive.ar; path = libABLLink.a; sourceTree = "<group>"; };
		A71F4477205C66EA00A98656 /* Interplay-Bridging-Header.h */ = {isa = PBXFileReference; lastKnownFileType = sourcecode.c.h; path = "Interplay-Bridging-Header.h"; sourceTree = "<group>"; };
		A71F447C205C681500A98656 /* TJGLink.h */ = {isa = PBXFileReference; lastKnownFileType = sourcecode.c.h; path = TJGLink.h; sourceTree = "<group>"; };
		A71F447D205C681500A98656 /* TJGLink.m */ = {isa = PBXFileReference; lastKnownFileType = sourcecode.c.objc; path = TJGLink.m; sourceTree = "<group>"; };
		A729B9B120A2C507008B2277 /* Metronome.swift */ = {isa = PBXFileReference; lastKnownFileType = sourcecode.swift; path = Metronome.swift; sourceTree = "<group>"; };
		A729B9B420A2D145008B2277 /* Strong.wav */ = {isa = PBXFileReference; lastKnownFileType = audio.wav; path = Strong.wav; sourceTree = "<group>"; };
		A729B9B520A2D145008B2277 /* Weak.wav */ = {isa = PBXFileReference; lastKnownFileType = audio.wav; path = Weak.wav; sourceTree = "<group>"; };
		A72C9FEF2032CD3C0001C179 /* Style.Conductor.swift */ = {isa = PBXFileReference; lastKnownFileType = sourcecode.swift; path = Style.Conductor.swift; sourceTree = "<group>"; };
		A72C9FF12032CD9B0001C179 /* Packet.swift */ = {isa = PBXFileReference; lastKnownFileType = sourcecode.swift; path = Packet.swift; sourceTree = "<group>"; };
		A753D0A3203C004400B3A40D /* MusicianView.swift */ = {isa = PBXFileReference; lastKnownFileType = sourcecode.swift; path = MusicianView.swift; sourceTree = "<group>"; };
		A753D0A5203C063500B3A40D /* Style.Musician.swift */ = {isa = PBXFileReference; lastKnownFileType = sourcecode.swift; path = Style.Musician.swift; sourceTree = "<group>"; };
		A753D0A7203C8DBC00B3A40D /* UserDefaults.swift */ = {isa = PBXFileReference; lastKnownFileType = sourcecode.swift; path = UserDefaults.swift; sourceTree = "<group>"; };
		A76C4244208C5CF700B38006 /* TempoDisplay.swift */ = {isa = PBXFileReference; lastKnownFileType = sourcecode.swift; path = TempoDisplay.swift; sourceTree = "<group>"; };
		A76C4247208C5F8C00B38006 /* InputMono-Regular.ttf */ = {isa = PBXFileReference; lastKnownFileType = file; path = "InputMono-Regular.ttf"; sourceTree = "<group>"; };
		A7BDFE56200A97F100C1AEED /* Interplay.app */ = {isa = PBXFileReference; explicitFileType = wrapper.application; includeInIndex = 0; path = Interplay.app; sourceTree = BUILT_PRODUCTS_DIR; };
		A7BDFE59200A97F100C1AEED /* AppDelegate.swift */ = {isa = PBXFileReference; lastKnownFileType = sourcecode.swift; path = AppDelegate.swift; sourceTree = "<group>"; };
		A7BDFE60200A97F100C1AEED /* Assets.xcassets */ = {isa = PBXFileReference; lastKnownFileType = folder.assetcatalog; path = Assets.xcassets; sourceTree = "<group>"; };
		A7BDFE63200A97F100C1AEED /* Base */ = {isa = PBXFileReference; lastKnownFileType = file.storyboard; name = Base; path = Base.lproj/LaunchScreen.storyboard; sourceTree = "<group>"; };
		A7BDFE65200A97F100C1AEED /* Info.plist */ = {isa = PBXFileReference; lastKnownFileType = text.plist.xml; path = Info.plist; sourceTree = "<group>"; };
		A7BDFE72200A99B200C1AEED /* LobbyViewController.swift */ = {isa = PBXFileReference; lastKnownFileType = sourcecode.swift; path = LobbyViewController.swift; sourceTree = "<group>"; };
		A7BDFE75200A9A5900C1AEED /* Style.swift */ = {isa = PBXFileReference; lastKnownFileType = sourcecode.swift; path = Style.swift; sourceTree = "<group>"; };
		A7BDFE77200AA08A00C1AEED /* LobbyView.swift */ = {isa = PBXFileReference; lastKnownFileType = sourcecode.swift; path = LobbyView.swift; sourceTree = "<group>"; };
		A7D77F3F20136F5200913F93 /* Musician.swift */ = {isa = PBXFileReference; lastKnownFileType = sourcecode.swift; path = Musician.swift; sourceTree = "<group>"; };
		A7D77F432013743C00913F93 /* Conduct.MusicianCell.swift */ = {isa = PBXFileReference; lastKnownFileType = sourcecode.swift; path = Conduct.MusicianCell.swift; sourceTree = "<group>"; };
		A7D77F4520137DA800913F93 /* ConductView.swift */ = {isa = PBXFileReference; lastKnownFileType = sourcecode.swift; path = ConductView.swift; sourceTree = "<group>"; };
		A7DF266D208617D700E3B9B9 /* ConductNavBar.swift */ = {isa = PBXFileReference; lastKnownFileType = sourcecode.swift; path = ConductNavBar.swift; sourceTree = "<group>"; };
		A7E4F459200E30EC00E59566 /* NetworkingContext.swift */ = {isa = PBXFileReference; lastKnownFileType = sourcecode.swift; path = NetworkingContext.swift; sourceTree = "<group>"; };
		A7F063F1200E4A0C0082CBB3 /* ConductViewController.swift */ = {isa = PBXFileReference; lastKnownFileType = sourcecode.swift; path = ConductViewController.swift; sourceTree = "<group>"; };
		A7F063F4200E4FC20082CBB3 /* Const.swift */ = {isa = PBXFileReference; lastKnownFileType = sourcecode.swift; path = Const.swift; sourceTree = "<group>"; };
		A7F063F7200E630C0082CBB3 /* MusicianViewController.swift */ = {isa = PBXFileReference; lastKnownFileType = sourcecode.swift; path = MusicianViewController.swift; sourceTree = "<group>"; };
		E82001D5E42E36653C01FAFA /* Pods-Interplay.debug.xcconfig */ = {isa = PBXFileReference; includeInIndex = 1; lastKnownFileType = text.xcconfig; name = "Pods-Interplay.debug.xcconfig"; path = "Pods/Target Support Files/Pods-Interplay/Pods-Interplay.debug.xcconfig"; sourceTree = "<group>"; };
/* End PBXFileReference section */

/* Begin PBXFrameworksBuildPhase section */
		A7BDFE53200A97F100C1AEED /* Frameworks */ = {
			isa = PBXFrameworksBuildPhase;
			buildActionMask = 2147483647;
			files = (
				5424FC6BE59D8DFC6C1BA326 /* Pods_Interplay.framework in Frameworks */,
				A71F4474205C663300A98656 /* libABLLink.a in Frameworks */,
			);
			runOnlyForDeploymentPostprocessing = 0;
		};
/* End PBXFrameworksBuildPhase section */

/* Begin PBXGroup section */
		2638104B47A127305E26F25B /* Frameworks */ = {
			isa = PBXGroup;
			children = (
				3B8EF705A5FD97A769C918C1 /* Pods_Interplay.framework */,
			);
			name = Frameworks;
			sourceTree = "<group>";
		};
		A71F446D205C663300A98656 /* LinkKit */ = {
			isa = PBXGroup;
			children = (
				A71F446E205C663300A98656 /* include */,
				A71F4472205C663300A98656 /* lib */,
			);
			path = LinkKit;
			sourceTree = "<group>";
		};
		A71F446E205C663300A98656 /* include */ = {
			isa = PBXGroup;
			children = (
				A71F446F205C663300A98656 /* ABLLink.h */,
				A71F4470205C663300A98656 /* ABLLinkUtils.h */,
				A71F4471205C663300A98656 /* ABLLinkSettingsViewController.h */,
			);
			path = include;
			sourceTree = "<group>";
		};
		A71F4472205C663300A98656 /* lib */ = {
			isa = PBXGroup;
			children = (
				A71F4473205C663300A98656 /* libABLLink.a */,
			);
			path = lib;
			sourceTree = "<group>";
		};
		A71F447B205C67DE00A98656 /* LinkityLink */ = {
			isa = PBXGroup;
			children = (
				A71F447C205C681500A98656 /* TJGLink.h */,
				A71F447D205C681500A98656 /* TJGLink.m */,
			);
			path = LinkityLink;
			sourceTree = "<group>";
		};
		A729B9B320A2D145008B2277 /* Sounds */ = {
			isa = PBXGroup;
			children = (
				A729B9B420A2D145008B2277 /* Strong.wav */,
				A729B9B520A2D145008B2277 /* Weak.wav */,
			);
			path = Sounds;
			sourceTree = "<group>";
		};
		A76C4246208C5F4F00B38006 /* Fonts */ = {
			isa = PBXGroup;
			children = (
				A76C4247208C5F8C00B38006 /* InputMono-Regular.ttf */,
			);
			path = Fonts;
			sourceTree = "<group>";
		};
		A7BDFE4D200A97F100C1AEED = {
			isa = PBXGroup;
			children = (
				A71F446D205C663300A98656 /* LinkKit */,
				2638104B47A127305E26F25B /* Frameworks */,
				A7BDFE58200A97F100C1AEED /* Interplay */,
				F27A136AFC032FD0927B07D7 /* Pods */,
				A7BDFE57200A97F100C1AEED /* Products */,
			);
			sourceTree = "<group>";
		};
		A7BDFE57200A97F100C1AEED /* Products */ = {
			isa = PBXGroup;
			children = (
				A7BDFE56200A97F100C1AEED /* Interplay.app */,
			);
			name = Products;
			sourceTree = "<group>";
		};
		A7BDFE58200A97F100C1AEED /* Interplay */ = {
			isa = PBXGroup;
			children = (
				A729B9B320A2D145008B2277 /* Sounds */,
				A76C4246208C5F4F00B38006 /* Fonts */,
				A71F447B205C67DE00A98656 /* LinkityLink */,
				A7BDFE65200A97F100C1AEED /* Info.plist */,
				A7BDFE59200A97F100C1AEED /* AppDelegate.swift */,
				A7BDFE60200A97F100C1AEED /* Assets.xcassets */,
				A7BDFE6D200A98A000C1AEED /* Auxiliary */,
				A7BDFE74200A9A4A00C1AEED /* Common */,
				A7BDFE6E200A991B00C1AEED /* Screens */,
			);
			path = Interplay;
			sourceTree = "<group>";
		};
		A7BDFE6D200A98A000C1AEED /* Auxiliary */ = {
			isa = PBXGroup;
			children = (
				A71F4477205C66EA00A98656 /* Interplay-Bridging-Header.h */,
				A7BDFE62200A97F100C1AEED /* LaunchScreen.storyboard */,
			);
			path = Auxiliary;
			sourceTree = "<group>";
		};
		A7BDFE6E200A991B00C1AEED /* Screens */ = {
			isa = PBXGroup;
			children = (
				A7F063F6200E5E2C0082CBB3 /* Musician */,
				A7F063F3200E4A100082CBB3 /* Conductor */,
				A7BDFE6F200A992600C1AEED /* Lobby */,
			);
			path = Screens;
			sourceTree = "<group>";
		};
		A7BDFE6F200A992600C1AEED /* Lobby */ = {
			isa = PBXGroup;
			children = (
				A7BDFE77200AA08A00C1AEED /* LobbyView.swift */,
				A7BDFE72200A99B200C1AEED /* LobbyViewController.swift */,
			);
			path = Lobby;
			sourceTree = "<group>";
		};
		A7BDFE74200A9A4A00C1AEED /* Common */ = {
			isa = PBXGroup;
			children = (
				A7E4F459200E30EC00E59566 /* NetworkingContext.swift */,
				A7BDFE75200A9A5900C1AEED /* Style.swift */,
				A7F063F4200E4FC20082CBB3 /* Const.swift */,
				A7D77F3F20136F5200913F93 /* Musician.swift */,
				A72C9FF12032CD9B0001C179 /* Packet.swift */,
				A753D0A7203C8DBC00B3A40D /* UserDefaults.swift */,
				A729B9B120A2C507008B2277 /* Metronome.swift */,
			);
			path = Common;
			sourceTree = "<group>";
		};
		A7F063F3200E4A100082CBB3 /* Conductor */ = {
			isa = PBXGroup;
			children = (
				A76C4244208C5CF700B38006 /* TempoDisplay.swift */,
				A7F063F1200E4A0C0082CBB3 /* ConductViewController.swift */,
				A7D77F432013743C00913F93 /* Conduct.MusicianCell.swift */,
				A7D77F4520137DA800913F93 /* ConductView.swift */,
				A72C9FEF2032CD3C0001C179 /* Style.Conductor.swift */,
				A7DF266D208617D700E3B9B9 /* ConductNavBar.swift */,
			);
			path = Conductor;
			sourceTree = "<group>";
		};
		A7F063F6200E5E2C0082CBB3 /* Musician */ = {
			isa = PBXGroup;
			children = (
				A7F063F7200E630C0082CBB3 /* MusicianViewController.swift */,
				A753D0A3203C004400B3A40D /* MusicianView.swift */,
				A753D0A5203C063500B3A40D /* Style.Musician.swift */,
			);
			path = Musician;
			sourceTree = "<group>";
		};
		F27A136AFC032FD0927B07D7 /* Pods */ = {
			isa = PBXGroup;
			children = (
				E82001D5E42E36653C01FAFA /* Pods-Interplay.debug.xcconfig */,
				1094D8AA75D6F2FB768897E2 /* Pods-Interplay.release.xcconfig */,
			);
			name = Pods;
			sourceTree = "<group>";
		};
/* End PBXGroup section */

/* Begin PBXNativeTarget section */
		A7BDFE55200A97F100C1AEED /* Interplay */ = {
			isa = PBXNativeTarget;
			buildConfigurationList = A7BDFE68200A97F100C1AEED /* Build configuration list for PBXNativeTarget "Interplay" */;
			buildPhases = (
				F1B5072ADC186D05C4ACC032 /* [CP] Check Pods Manifest.lock */,
				A7BDFE52200A97F100C1AEED /* Sources */,
				A7BDFE53200A97F100C1AEED /* Frameworks */,
				A7BDFE54200A97F100C1AEED /* Resources */,
				B77248F25320A0275316B50C /* [CP] Embed Pods Frameworks */,
				5C877F257C37E1010BDCF7AD /* [CP] Copy Pods Resources */,
			);
			buildRules = (
			);
			dependencies = (
			);
			name = Interplay;
			productName = Interplay;
			productReference = A7BDFE56200A97F100C1AEED /* Interplay.app */;
			productType = "com.apple.product-type.application";
		};
/* End PBXNativeTarget section */

/* Begin PBXProject section */
		A7BDFE4E200A97F100C1AEED /* Project object */ = {
			isa = PBXProject;
			attributes = {
				LastSwiftUpdateCheck = 0920;
				LastUpgradeCheck = 0930;
				ORGANIZATIONNAME = "The Jam Gym";
				TargetAttributes = {
					A7BDFE55200A97F100C1AEED = {
						CreatedOnToolsVersion = 9.2;
						LastSwiftMigration = 0920;
						ProvisioningStyle = Automatic;
						SystemCapabilities = {
							com.apple.BackgroundModes = {
								enabled = 1;
							};
						};
					};
				};
			};
			buildConfigurationList = A7BDFE51200A97F100C1AEED /* Build configuration list for PBXProject "Interplay" */;
			compatibilityVersion = "Xcode 8.0";
			developmentRegion = en;
			hasScannedForEncodings = 0;
			knownRegions = (
				en,
				Base,
			);
			mainGroup = A7BDFE4D200A97F100C1AEED;
			productRefGroup = A7BDFE57200A97F100C1AEED /* Products */;
			projectDirPath = "";
			projectRoot = "";
			targets = (
				A7BDFE55200A97F100C1AEED /* Interplay */,
			);
		};
/* End PBXProject section */

/* Begin PBXResourcesBuildPhase section */
		A7BDFE54200A97F100C1AEED /* Resources */ = {
			isa = PBXResourcesBuildPhase;
			buildActionMask = 2147483647;
			files = (
				A7BDFE64200A97F100C1AEED /* LaunchScreen.storyboard in Resources */,
				A729B9B720A2D145008B2277 /* Weak.wav in Resources */,
				A7BDFE61200A97F100C1AEED /* Assets.xcassets in Resources */,
				A76C4248208C5F8C00B38006 /* InputMono-Regular.ttf in Resources */,
				A729B9B620A2D145008B2277 /* Strong.wav in Resources */,
			);
			runOnlyForDeploymentPostprocessing = 0;
		};
/* End PBXResourcesBuildPhase section */

/* Begin PBXShellScriptBuildPhase section */
		5C877F257C37E1010BDCF7AD /* [CP] Copy Pods Resources */ = {
			isa = PBXShellScriptBuildPhase;
			buildActionMask = 2147483647;
			files = (
			);
			inputPaths = (
			);
			name = "[CP] Copy Pods Resources";
			outputPaths = (
			);
			runOnlyForDeploymentPostprocessing = 0;
			shellPath = /bin/sh;
			shellScript = "\"${SRCROOT}/Pods/Target Support Files/Pods-Interplay/Pods-Interplay-resources.sh\"\n";
			showEnvVarsInLog = 0;
		};
		B77248F25320A0275316B50C /* [CP] Embed Pods Frameworks */ = {
			isa = PBXShellScriptBuildPhase;
			buildActionMask = 2147483647;
			files = (
			);
			inputPaths = (
				"${SRCROOT}/Pods/Target Support Files/Pods-Interplay/Pods-Interplay-frameworks.sh",
				"${BUILT_PRODUCTS_DIR}/Cartography/Cartography.framework",
				"${BUILT_PRODUCTS_DIR}/DynamicColor/DynamicColor.framework",
			);
			name = "[CP] Embed Pods Frameworks";
			outputPaths = (
				"${TARGET_BUILD_DIR}/${FRAMEWORKS_FOLDER_PATH}/Cartography.framework",
				"${TARGET_BUILD_DIR}/${FRAMEWORKS_FOLDER_PATH}/DynamicColor.framework",
			);
			runOnlyForDeploymentPostprocessing = 0;
			shellPath = /bin/sh;
			shellScript = "\"${SRCROOT}/Pods/Target Support Files/Pods-Interplay/Pods-Interplay-frameworks.sh\"\n";
			showEnvVarsInLog = 0;
		};
		F1B5072ADC186D05C4ACC032 /* [CP] Check Pods Manifest.lock */ = {
			isa = PBXShellScriptBuildPhase;
			buildActionMask = 2147483647;
			files = (
			);
			inputPaths = (
				"${PODS_PODFILE_DIR_PATH}/Podfile.lock",
				"${PODS_ROOT}/Manifest.lock",
			);
			name = "[CP] Check Pods Manifest.lock";
			outputPaths = (
				"$(DERIVED_FILE_DIR)/Pods-Interplay-checkManifestLockResult.txt",
			);
			runOnlyForDeploymentPostprocessing = 0;
			shellPath = /bin/sh;
			shellScript = "diff \"${PODS_PODFILE_DIR_PATH}/Podfile.lock\" \"${PODS_ROOT}/Manifest.lock\" > /dev/null\nif [ $? != 0 ] ; then\n    # print error to STDERR\n    echo \"error: The sandbox is not in sync with the Podfile.lock. Run 'pod install' or update your CocoaPods installation.\" >&2\n    exit 1\nfi\n# This output is used by Xcode 'outputs' to avoid re-running this script phase.\necho \"SUCCESS\" > \"${SCRIPT_OUTPUT_FILE_0}\"\n";
			showEnvVarsInLog = 0;
		};
/* End PBXShellScriptBuildPhase section */

/* Begin PBXSourcesBuildPhase section */
		A7BDFE52200A97F100C1AEED /* Sources */ = {
			isa = PBXSourcesBuildPhase;
			buildActionMask = 2147483647;
			files = (
				A753D0A4203C004400B3A40D /* MusicianView.swift in Sources */,
				A7BDFE5A200A97F100C1AEED /* AppDelegate.swift in Sources */,
				A7BDFE78200AA08A00C1AEED /* LobbyView.swift in Sources */,
				A729B9B220A2C507008B2277 /* Metronome.swift in Sources */,
				A7BDFE76200A9A5900C1AEED /* Style.swift in Sources */,
				A7E4F45A200E30EC00E59566 /* NetworkingContext.swift in Sources */,
				A753D0A8203C8DBC00B3A40D /* UserDefaults.swift in Sources */,
				A7D77F442013743C00913F93 /* Conduct.MusicianCell.swift in Sources */,
				A7DF266E208617D700E3B9B9 /* ConductNavBar.swift in Sources */,
				A76C4245208C5CF700B38006 /* TempoDisplay.swift in Sources */,
				A7BDFE73200A99B200C1AEED /* LobbyViewController.swift in Sources */,
				A753D0A6203C063500B3A40D /* Style.Musician.swift in Sources */,
				A7F063F2200E4A0C0082CBB3 /* ConductViewController.swift in Sources */,
				A7F063F5200E4FC20082CBB3 /* Const.swift in Sources */,
				A72C9FF02032CD3C0001C179 /* Style.Conductor.swift in Sources */,
				A71F447E205C681500A98656 /* TJGLink.m in Sources */,
				A7D77F4020136F5200913F93 /* Musician.swift in Sources */,
				A72C9FF22032CD9B0001C179 /* Packet.swift in Sources */,
				A7F063F8200E630C0082CBB3 /* MusicianViewController.swift in Sources */,
				A7D77F4620137DA800913F93 /* ConductView.swift in Sources */,
			);
			runOnlyForDeploymentPostprocessing = 0;
		};
/* End PBXSourcesBuildPhase section */

/* Begin PBXVariantGroup section */
		A7BDFE62200A97F100C1AEED /* LaunchScreen.storyboard */ = {
			isa = PBXVariantGroup;
			children = (
				A7BDFE63200A97F100C1AEED /* Base */,
			);
			name = LaunchScreen.storyboard;
			sourceTree = "<group>";
		};
/* End PBXVariantGroup section */

/* Begin XCBuildConfiguration section */
		A7BDFE66200A97F100C1AEED /* Debug */ = {
			isa = XCBuildConfiguration;
			buildSettings = {
				ALWAYS_SEARCH_USER_PATHS = NO;
				CLANG_ANALYZER_NONNULL = YES;
				CLANG_ANALYZER_NUMBER_OBJECT_CONVERSION = YES_AGGRESSIVE;
				CLANG_ENABLE_MODULES = YES;
				CLANG_ENABLE_OBJC_ARC = YES;
				CLANG_WARN_BLOCK_CAPTURE_AUTORELEASING = YES;
				CLANG_WARN_BOOL_CONVERSION = YES;
				CLANG_WARN_COMMA = YES;
				CLANG_WARN_CONSTANT_CONVERSION = YES;
				CLANG_WARN_DEPRECATED_OBJC_IMPLEMENTATIONS = YES;
				CLANG_WARN_DIRECT_OBJC_ISA_USAGE = YES_ERROR;
				CLANG_WARN_DOCUMENTATION_COMMENTS = YES;
				CLANG_WARN_EMPTY_BODY = YES;
				CLANG_WARN_ENUM_CONVERSION = YES;
				CLANG_WARN_INFINITE_RECURSION = YES;
				CLANG_WARN_INT_CONVERSION = YES;
				CLANG_WARN_NON_LITERAL_NULL_CONVERSION = YES;
				CLANG_WARN_OBJC_IMPLICIT_RETAIN_SELF = YES;
				CLANG_WARN_OBJC_LITERAL_CONVERSION = YES;
				CLANG_WARN_OBJC_ROOT_CLASS = YES_ERROR;
				CLANG_WARN_RANGE_LOOP_ANALYSIS = YES;
				CLANG_WARN_STRICT_PROTOTYPES = YES;
				CLANG_WARN_SUSPICIOUS_MOVE = YES;
				CLANG_WARN_UNGUARDED_AVAILABILITY = YES_AGGRESSIVE;
				CLANG_WARN_UNREACHABLE_CODE = YES;
				CLANG_WARN__DUPLICATE_METHOD_MATCH = YES;
				CODE_SIGN_IDENTITY = "iPhone Developer";
				COPY_PHASE_STRIP = NO;
				DEBUG_INFORMATION_FORMAT = dwarf;
				ENABLE_STRICT_OBJC_MSGSEND = YES;
				ENABLE_TESTABILITY = YES;
				GCC_DYNAMIC_NO_PIC = NO;
				GCC_NO_COMMON_BLOCKS = YES;
				GCC_OPTIMIZATION_LEVEL = 0;
				GCC_PREPROCESSOR_DEFINITIONS = (
					"DEBUG=1",
					"$(inherited)",
				);
				GCC_TREAT_WARNINGS_AS_ERRORS = YES;
				GCC_WARN_64_TO_32_BIT_CONVERSION = YES;
				GCC_WARN_ABOUT_RETURN_TYPE = YES_ERROR;
				GCC_WARN_UNDECLARED_SELECTOR = YES;
				GCC_WARN_UNINITIALIZED_AUTOS = YES_AGGRESSIVE;
				GCC_WARN_UNUSED_FUNCTION = YES;
				GCC_WARN_UNUSED_VARIABLE = YES;
				HEADER_SEARCH_PATHS = "..\\LinkKit\\include";
				IPHONEOS_DEPLOYMENT_TARGET = 11.2;
				MTL_ENABLE_DEBUG_INFO = YES;
				ONLY_ACTIVE_ARCH = YES;
				OTHER_LDFLAGS = "-lc++";
				SDKROOT = iphoneos;
				SWIFT_ACTIVE_COMPILATION_CONDITIONS = DEBUG;
				SWIFT_OBJC_BRIDGING_HEADER = "Interplay/Auxiliary/Interplay-Bridging-Header.h";
				SWIFT_OPTIMIZATION_LEVEL = "-Onone";
				SWIFT_TREAT_WARNINGS_AS_ERRORS = YES;
			};
			name = Debug;
		};
		A7BDFE67200A97F100C1AEED /* Release */ = {
			isa = XCBuildConfiguration;
			buildSettings = {
				ALWAYS_SEARCH_USER_PATHS = NO;
				CLANG_ANALYZER_NONNULL = YES;
				CLANG_ANALYZER_NUMBER_OBJECT_CONVERSION = YES_AGGRESSIVE;
				CLANG_ENABLE_MODULES = YES;
				CLANG_ENABLE_OBJC_ARC = YES;
				CLANG_WARN_BLOCK_CAPTURE_AUTORELEASING = YES;
				CLANG_WARN_BOOL_CONVERSION = YES;
				CLANG_WARN_COMMA = YES;
				CLANG_WARN_CONSTANT_CONVERSION = YES;
				CLANG_WARN_DEPRECATED_OBJC_IMPLEMENTATIONS = YES;
				CLANG_WARN_DIRECT_OBJC_ISA_USAGE = YES_ERROR;
				CLANG_WARN_DOCUMENTATION_COMMENTS = YES;
				CLANG_WARN_EMPTY_BODY = YES;
				CLANG_WARN_ENUM_CONVERSION = YES;
				CLANG_WARN_INFINITE_RECURSION = YES;
				CLANG_WARN_INT_CONVERSION = YES;
				CLANG_WARN_NON_LITERAL_NULL_CONVERSION = YES;
				CLANG_WARN_OBJC_IMPLICIT_RETAIN_SELF = YES;
				CLANG_WARN_OBJC_LITERAL_CONVERSION = YES;
				CLANG_WARN_OBJC_ROOT_CLASS = YES_ERROR;
				CLANG_WARN_RANGE_LOOP_ANALYSIS = YES;
				CLANG_WARN_STRICT_PROTOTYPES = YES;
				CLANG_WARN_SUSPICIOUS_MOVE = YES;
				CLANG_WARN_UNGUARDED_AVAILABILITY = YES_AGGRESSIVE;
				CLANG_WARN_UNREACHABLE_CODE = YES;
				CLANG_WARN__DUPLICATE_METHOD_MATCH = YES;
				CODE_SIGN_IDENTITY = "iPhone Developer";
				COPY_PHASE_STRIP = NO;
				DEBUG_INFORMATION_FORMAT = "dwarf-with-dsym";
				ENABLE_NS_ASSERTIONS = NO;
				ENABLE_STRICT_OBJC_MSGSEND = YES;
				GCC_NO_COMMON_BLOCKS = YES;
				GCC_TREAT_WARNINGS_AS_ERRORS = YES;
				GCC_WARN_64_TO_32_BIT_CONVERSION = YES;
				GCC_WARN_ABOUT_RETURN_TYPE = YES_ERROR;
				GCC_WARN_UNDECLARED_SELECTOR = YES;
				GCC_WARN_UNINITIALIZED_AUTOS = YES_AGGRESSIVE;
				GCC_WARN_UNUSED_FUNCTION = YES;
				GCC_WARN_UNUSED_VARIABLE = YES;
				HEADER_SEARCH_PATHS = "..\\LinkKit\\include";
				IPHONEOS_DEPLOYMENT_TARGET = 11.2;
				MTL_ENABLE_DEBUG_INFO = NO;
				OTHER_LDFLAGS = "-lc++";
				SDKROOT = iphoneos;
				SWIFT_OBJC_BRIDGING_HEADER = "Interplay/Auxiliary/Interplay-Bridging-Header.h";
				SWIFT_OPTIMIZATION_LEVEL = "-Owholemodule";
				SWIFT_TREAT_WARNINGS_AS_ERRORS = YES;
				VALIDATE_PRODUCT = YES;
			};
			name = Release;
		};
		A7BDFE69200A97F100C1AEED /* Debug */ = {
			isa = XCBuildConfiguration;
			baseConfigurationReference = E82001D5E42E36653C01FAFA /* Pods-Interplay.debug.xcconfig */;
			buildSettings = {
				ASSETCATALOG_COMPILER_APPICON_NAME = AppIcon;
				CLANG_ENABLE_MODULES = YES;
				CODE_SIGN_STYLE = Automatic;
				DEVELOPMENT_TEAM = 3JFF47CZJ4;
				INFOPLIST_FILE = Interplay/Info.plist;
				IPHONEOS_DEPLOYMENT_TARGET = 9.0;
				LD_RUNPATH_SEARCH_PATHS = "$(inherited) @executable_path/Frameworks";
				LIBRARY_SEARCH_PATHS = (
					"$(inherited)",
					"$(PROJECT_DIR)/LinkKit/lib",
				);
				PRODUCT_BUNDLE_IDENTIFIER = com.zoreslav.Interplay;
				PRODUCT_NAME = "$(TARGET_NAME)";
				SWIFT_OPTIMIZATION_LEVEL = "-Onone";
				SWIFT_VERSION = 4.0;
				TARGETED_DEVICE_FAMILY = "1,2";
			};
			name = Debug;
		};
		A7BDFE6A200A97F100C1AEED /* Release */ = {
			isa = XCBuildConfiguration;
			baseConfigurationReference = 1094D8AA75D6F2FB768897E2 /* Pods-Interplay.release.xcconfig */;
			buildSettings = {
				ASSETCATALOG_COMPILER_APPICON_NAME = AppIcon;
				CLANG_ENABLE_MODULES = YES;
				CODE_SIGN_STYLE = Automatic;
				DEVELOPMENT_TEAM = 3JFF47CZJ4;
				INFOPLIST_FILE = Interplay/Info.plist;
				IPHONEOS_DEPLOYMENT_TARGET = 9.0;
				LD_RUNPATH_SEARCH_PATHS = "$(inherited) @executable_path/Frameworks";
				LIBRARY_SEARCH_PATHS = (
					"$(inherited)",
					"$(PROJECT_DIR)/LinkKit/lib",
				);
				PRODUCT_BUNDLE_IDENTIFIER = com.zoreslav.Interplay;
				PRODUCT_NAME = "$(TARGET_NAME)";
				SWIFT_VERSION = 4.0;
				TARGETED_DEVICE_FAMILY = "1,2";
			};
			name = Release;
		};
/* End XCBuildConfiguration section */

/* Begin XCConfigurationList section */
		A7BDFE51200A97F100C1AEED /* Build configuration list for PBXProject "Interplay" */ = {
			isa = XCConfigurationList;
			buildConfigurations = (
				A7BDFE66200A97F100C1AEED /* Debug */,
				A7BDFE67200A97F100C1AEED /* Release */,
			);
			defaultConfigurationIsVisible = 0;
			defaultConfigurationName = Release;
		};
		A7BDFE68200A97F100C1AEED /* Build configuration list for PBXNativeTarget "Interplay" */ = {
			isa = XCConfigurationList;
			buildConfigurations = (
				A7BDFE69200A97F100C1AEED /* Debug */,
				A7BDFE6A200A97F100C1AEED /* Release */,
			);
			defaultConfigurationIsVisible = 0;
			defaultConfigurationName = Release;
		};
/* End XCConfigurationList section */
	};
	rootObject = A7BDFE4E200A97F100C1AEED /* Project object */;
}
